
Microsoft Visual Studio Solution File, Format Version 12.00
# Visual Studio Version 17
VisualStudioVersion = 17.14.36301.6 d17.14
MinimumVisualStudioVersion = 10.0.40219.1
Project("{FAE04EC0-301F-11D3-BF4B-00C04F79EFBC}") = "Constructor_IN_Inheritence", "Constructor_IN_Inheritence\Constructor_IN_Inheritence.csproj", "{C0EA3B11-0B33-4F7D-979D-4E11AB6D328C}"
EndProject
Global
	GlobalSection(SolutionConfigurationPlatforms) = preSolution
		Debug|Any CPU = Debug|Any CPU
		Release|Any CPU = Release|Any CPU
	EndGlobalSection
	GlobalSection(ProjectConfigurationPlatforms) = postSolution
		{C0EA3B11-0B33-4F7D-979D-4E11AB6D328C}.Debug|Any CPU.ActiveCfg = Debug|Any CPU
		{C0EA3B11-0B33-4F7D-979D-4E11AB6D328C}.Debug|Any CPU.Build.0 = Debug|Any CPU
		{C0EA3B11-0B33-4F7D-979D-4E11AB6D328C}.Release|Any CPU.ActiveCfg = Release|Any CPU
		{C0EA3B11-0B33-4F7D-979D-4E11AB6D328C}.Release|Any CPU.Build.0 = Release|Any CPU
	EndGlobalSection
	GlobalSection(SolutionProperties) = preSolution
		HideSolutionNode = FALSE
	EndGlobalSection
	GlobalSection(ExtensibilityGlobals) = postSolution
		SolutionGuid = {9F570ECC-6B74-469E-848F-DF41ADE21CE4}
	EndGlobalSection
EndGlobal
