
Microsoft Visual Studio Solution File, Format Version 12.00
# Visual Studio Version 17
VisualStudioVersion = 17.14.36301.6 d17.14
MinimumVisualStudioVersion = 10.0.40219.1
Project("{FAE04EC0-301F-11D3-BF4B-00C04F79EFBC}") = "Creata _Calculator_Demo_Application", "Creata _Calculator_Demo_Application\Creata _Calculator_Demo_Application.csproj", "{2C2785E9-6611-4005-B276-8414614490FA}"
EndProject
Global
	GlobalSection(SolutionConfigurationPlatforms) = preSolution
		Debug|Any CPU = Debug|Any CPU
		Release|Any CPU = Release|Any CPU
	EndGlobalSection
	GlobalSection(ProjectConfigurationPlatforms) = postSolution
		{2C2785E9-6611-4005-B276-8414614490FA}.Debug|Any CPU.ActiveCfg = Debug|Any CPU
		{2C2785E9-6611-4005-B276-8414614490FA}.Debug|Any CPU.Build.0 = Debug|Any CPU
		{2C2785E9-6611-4005-B276-8414614490FA}.Release|Any CPU.ActiveCfg = Release|Any CPU
		{2C2785E9-6611-4005-B276-8414614490FA}.Release|Any CPU.Build.0 = Release|Any CPU
	EndGlobalSection
	GlobalSection(SolutionProperties) = preSolution
		HideSolutionNode = FALSE
	EndGlobalSection
	GlobalSection(ExtensibilityGlobals) = postSolution
		SolutionGuid = {D054096D-F678-4735-A4A2-74D494B2E7EC}
	EndGlobalSection
EndGlobal
